
Microsoft Visual Studio Solution File, Format Version 12.00
# Visual Studio Version 17
VisualStudioVersion = 17.2.32516.85
MinimumVisualStudioVersion = 10.0.40219.1
Project("{9A19103F-16F7-4668-BE54-9A1E7A4F7556}") = "QATraining", "BasicTraining\QATraining.csproj", "{0A580ADD-E2AC-4388-B7A5-9CC021680171}"
EndProject
Project("{9A19103F-16F7-4668-BE54-9A1E7A4F7556}") = "PhuongProject", "PhuongProject\PhuongProject.csproj", "{1DFB090C-535F-405A-9821-8B0E9BFA3BA8}"
EndProject
Project("{9A19103F-16F7-4668-BE54-9A1E7A4F7556}") = "HuongProject", "HuongProject\HuongProject.csproj", "{6C8E7F54-12E2-4F13-938B-12BFC3616A99}"
EndProject
Project("{9A19103F-16F7-4668-BE54-9A1E7A4F7556}") = "UyenProject", "UyenProject\UyenProject.csproj", "{7F2AF973-3403-4B27-9B8F-0C3D286C9D83}"
EndProject
Global
	GlobalSection(SolutionConfigurationPlatforms) = preSolution
		Debug|Any CPU = Debug|Any CPU
		Release|Any CPU = Release|Any CPU
	EndGlobalSection
	GlobalSection(ProjectConfigurationPlatforms) = postSolution
		{0A580ADD-E2AC-4388-B7A5-9CC021680171}.Debug|Any CPU.ActiveCfg = Debug|Any CPU
		{0A580ADD-E2AC-4388-B7A5-9CC021680171}.Debug|Any CPU.Build.0 = Debug|Any CPU
		{0A580ADD-E2AC-4388-B7A5-9CC021680171}.Release|Any CPU.ActiveCfg = Release|Any CPU
		{0A580ADD-E2AC-4388-B7A5-9CC021680171}.Release|Any CPU.Build.0 = Release|Any CPU
		{1DFB090C-535F-405A-9821-8B0E9BFA3BA8}.Debug|Any CPU.ActiveCfg = Debug|Any CPU
		{1DFB090C-535F-405A-9821-8B0E9BFA3BA8}.Debug|Any CPU.Build.0 = Debug|Any CPU
		{1DFB090C-535F-405A-9821-8B0E9BFA3BA8}.Release|Any CPU.ActiveCfg = Release|Any CPU
		{1DFB090C-535F-405A-9821-8B0E9BFA3BA8}.Release|Any CPU.Build.0 = Release|Any CPU
		{6C8E7F54-12E2-4F13-938B-12BFC3616A99}.Debug|Any CPU.ActiveCfg = Debug|Any CPU
		{6C8E7F54-12E2-4F13-938B-12BFC3616A99}.Debug|Any CPU.Build.0 = Debug|Any CPU
		{6C8E7F54-12E2-4F13-938B-12BFC3616A99}.Release|Any CPU.ActiveCfg = Release|Any CPU
		{6C8E7F54-12E2-4F13-938B-12BFC3616A99}.Release|Any CPU.Build.0 = Release|Any CPU
		{7F2AF973-3403-4B27-9B8F-0C3D286C9D83}.Debug|Any CPU.ActiveCfg = Debug|Any CPU
		{7F2AF973-3403-4B27-9B8F-0C3D286C9D83}.Debug|Any CPU.Build.0 = Debug|Any CPU
		{7F2AF973-3403-4B27-9B8F-0C3D286C9D83}.Release|Any CPU.ActiveCfg = Release|Any CPU
		{7F2AF973-3403-4B27-9B8F-0C3D286C9D83}.Release|Any CPU.Build.0 = Release|Any CPU
	EndGlobalSection
	GlobalSection(SolutionProperties) = preSolution
		HideSolutionNode = FALSE
	EndGlobalSection
	GlobalSection(ExtensibilityGlobals) = postSolution
		SolutionGuid = {8B70DCDC-3021-4F57-B7A4-63328308B885}
	EndGlobalSection
EndGlobal
